
Microsoft Visual Studio Solution File, Format Version 12.00
# Visual Studio 15
VisualStudioVersion = 15.0.27428.2005
MinimumVisualStudioVersion = 10.0.40219.1
Project("{FAE04EC0-301F-11D3-BF4B-00C04F79EFBC}") = "NodeHelper", "NodeHelper\NodeHelper.csproj", "{18F1C6F9-B92D-4F08-BEA6-E11B2C4CCEA5}"
EndProject
Project("{2150E333-8FDC-42A3-9474-1A3956D46DE8}") = "Solution Items", "Solution Items", "{418E8A5A-70C9-46AC-BC55-A80631748E6C}"
	ProjectSection(SolutionItems) = preProject
		buildRelease.bat = buildRelease.bat
		Changelog.txt = Changelog.txt
		deploy.bat = deploy.bat
		jenkins.txt = jenkins.txt
		LICENSE.md = LICENSE.md
		NodeHelper.version = NodeHelper.version
		README.md = README.md
	EndProjectSection
EndProject
Global
	GlobalSection(SolutionConfigurationPlatforms) = preSolution
		Debug|Any CPU = Debug|Any CPU
		Release|Any CPU = Release|Any CPU
	EndGlobalSection
	GlobalSection(ProjectConfigurationPlatforms) = postSolution
		{18F1C6F9-B92D-4F08-BEA6-E11B2C4CCEA5}.Debug|Any CPU.ActiveCfg = Debug|Any CPU
		{18F1C6F9-B92D-4F08-BEA6-E11B2C4CCEA5}.Debug|Any CPU.Build.0 = Debug|Any CPU
		{18F1C6F9-B92D-4F08-BEA6-E11B2C4CCEA5}.Release|Any CPU.ActiveCfg = Release|Any CPU
		{18F1C6F9-B92D-4F08-BEA6-E11B2C4CCEA5}.Release|Any CPU.Build.0 = Release|Any CPU
	EndGlobalSection
	GlobalSection(SolutionProperties) = preSolution
		HideSolutionNode = FALSE
	EndGlobalSection
	GlobalSection(ExtensibilityGlobals) = postSolution
		SolutionGuid = {F7A09F01-75A9-43A1-9CE6-E26D3F3956B0}
	EndGlobalSection
EndGlobal
