
Microsoft Visual Studio Solution File, Format Version 12.00
# Visual Studio 2012
Project("{FAE04EC0-301F-11D3-BF4B-00C04F79EFBC}") = "NodeHelper", "NodeHelper\NodeHelper.csproj", "{C3AC9744-D00D-4132-97A2-93EC74D628F1}"
EndProject
Global
	GlobalSection(SolutionConfigurationPlatforms) = preSolution
		Debug|Any CPU = Debug|Any CPU
		Release|Any CPU = Release|Any CPU
	EndGlobalSection
	GlobalSection(ProjectConfigurationPlatforms) = postSolution
		{C3AC9744-D00D-4132-97A2-93EC74D628F1}.Debug|Any CPU.ActiveCfg = Debug|Any CPU
		{C3AC9744-D00D-4132-97A2-93EC74D628F1}.Debug|Any CPU.Build.0 = Debug|Any CPU
		{C3AC9744-D00D-4132-97A2-93EC74D628F1}.Release|Any CPU.ActiveCfg = Release|Any CPU
		{C3AC9744-D00D-4132-97A2-93EC74D628F1}.Release|Any CPU.Build.0 = Release|Any CPU
	EndGlobalSection
	GlobalSection(MonoDevelopProperties) = preSolution
		outputpath = ..\NodeHelper\Plugins
		Policies = $0
		$0.DotNetNamingPolicy = $1
		$1.DirectoryNamespaceAssociation = None
		$1.ResourceNamePolicy = FileFormatDefault
		version = 1.3.2
	EndGlobalSection
EndGlobal
